hash: 62a182c896b3999802809b8d8009ce0a2293221ed32d031abf8503393690a7c1
updated: 2019-01-07T20:11:57.568644194-05:00
imports:
- name: github.com/aead/skein
  version: 9365ae6e95d294dc113a0b308852f97c916db233
  subpackages:
  - threefish
- name: github.com/bitgoin/lyra2rev2
  version: bae9ad2043bb55facb14c4918e909f88a7d3ed84
  subpackages:
  - sha3
- name: github.com/btcsuite/btclog
  version: 84c8d2346e9fc8c7b947e243b9c24e6df9fd206a
- name: github.com/btcsuite/go-socks
  version: 4720035b7bfd2a9bb130b1c184f8bbe41b6f0d0f
  subpackages:
  - socks
- name: github.com/btcsuite/golangcrypto
  version: 53f62d9b43e87a6c56975cf862af7edf33a8d0df
  subpackages:
  - ripemd160
- name: github.com/btcsuite/websocket
  version: 31079b6807923eb23992c421b114992b95131b55
- name: github.com/dchest/blake256
  version: dee3fe6eb0e98dc774a94fc231f85baf7c29d360
- name: github.com/wakiyamap/monad
  version: 2985039bb274e33b69f554dc0366c4ef0b081478
  subpackages:
  - btcec
  - btcjson
  - chaincfg
  - chaincfg/chainhash
  - rpcclient
  - wire
- name: github.com/wakiyamap/monautil
  version: c1fba54cb210ffa57c4cb5e40fa09c789daa56b8
  subpackages:
  - base58
  - bech32
- name: golang.org/x/crypto
  version: ff983b9c42bc9fbf91556e191cc8efb585c16908
  subpackages:
  - ripemd160
testImports: []
